github.com/sparkwing-dev/sparks-core/aws v0.2.0 h1:yT1+FLg/osGygNhevuQhMfYnJUBcQ4z/aEJpdi97hyA=
github.com/sparkwing-dev/sparks-core/aws v0.2.0/go.mod h1:41ZkdbKldPvkjoL5GE1u9aF4+CVVQa1rcku34y4JWL8=
github.com/sparkwing-dev/sparks-core/deploy v0.2.0 h1:PaxA0KalyQyblNmuKYLOE7+77X2jH0pWQ19mjQj0v0g=
github.com/sparkwing-dev/sparks-core/deploy v0.2.0/go.mod h1:JHlMV+U2Uw/aVudyycBtlpz+cEoPHy/ll7hb+i38qcc=
github.com/sparkwing-dev/sparks-core/docker v0.2.0 h1:9DRRbuX/P0nke1hfL08WW9A6R7q2sS19sB17UAPr+sQ=
github.com/sparkwing-dev/sparks-core/docker v0.2.0/go.mod h1:UahDxZxXolUoyhV+/o3TQjlnCrTBREegM0ykkbhEe8s=
github.com/sparkwing-dev/sparks-core/gitops v0.2.0 h1:lgLHSUCCaiMlmV8taqcuxekBv0I0zvjidIxnLFyXVPU=
github.com/sparkwing-dev/sparks-core/gitops v0.2.0/go.mod h1:RQ1v0KWkIFhz0dhRxBdDnSr9la+areX4Qa4vCFLyY3I=
github.com/sparkwing-dev/sparks-core/kube v0.2.0 h1:U7SQxSPkkDi9BESoDQ0Ui9fDWK/bAg/+LJknnkuUgyc=
github.com/sparkwing-dev/sparks-core/kube v0.2.0/go.mod h1:Vy0PLL+al36Td3bJzEO0XdpFZJWBWQcaOCBhGmV5ITM=
github.com/sparkwing-dev/sparks-core/s3 v0.2.0 h1:ObDkeCE0GmnPA2zJcNSY1zHSUA7t5/T4jlXElqu0Nyg=
github.com/sparkwing-dev/sparks-core/s3 v0.2.0/go.mod h1:MYJlq/cmfwV/nLLuMVzpjimX+vg3VI2KdI7PQHPWEJs=
github.com/sparkwing-dev/sparks-core/step v0.2.0 h1:br5KdS+fTypuBC5VIamU/1yUGJMRYtwtgojIfyoroao=
github.com/sparkwing-dev/sparks-core/step v0.2.0/go.mod h1:PquRcmXMRW1hUk7Kvqe7eog2KJ7gZVBE6eUOMvJHpBM=
github.com/sparkwing-dev/sparkwing v1.1.0 h1:hiNDJ92WaIYABD8k773Bhgd1rHYYK+oOZa5oYuvjOfU=
github.com/sparkwing-dev/sparkwing v1.1.0/go.mod h1:TVRcswjpZ4CT5Cgr8DUwMTwhERjk5fVsFl+O5ufR4H4=
github.com/sparkwing-dev/sparkwing-sdk v0.0.1 h1:3/84IEFHwZ3BYm+UlK4dvK6BhjeUc6k4mFpdaXCsbMs=
github.com/sparkwing-dev/sparkwing-sdk v0.0.1/go.mod h1:f8A1ycgYnFA55JUHMdFcHXVSjF6ICCs9ktLr0IGu1N4=
golang.org/x/mod v0.35.0 h1:Ww1D637e6Pg+Zb2KrWfHQUnH2dQRLBQyAtpr/haaJeM=
golang.org/x/mod v0.35.0/go.mod h1:+GwiRhIInF8wPm+4AoT6L0FA1QWAad3OMdTRx4tFYlU=
