github.com/sparkwing-dev/sparks-core/aws v0.2.0 h1:yT1+FLg/osGygNhevuQhMfYnJUBcQ4z/aEJpdi97hyA=
github.com/sparkwing-dev/sparks-core/aws v0.2.0/go.mod h1:41ZkdbKldPvkjoL5GE1u9aF4+CVVQa1rcku34y4JWL8=
github.com/sparkwing-dev/sparkwing v1.1.0 h1:hiNDJ92WaIYABD8k773Bhgd1rHYYK+oOZa5oYuvjOfU=
github.com/sparkwing-dev/sparkwing v1.1.0/go.mod h1:TVRcswjpZ4CT5Cgr8DUwMTwhERjk5fVsFl+O5ufR4H4=
golang.org/x/mod v0.35.0 h1:Ww1D637e6Pg+Zb2KrWfHQUnH2dQRLBQyAtpr/haaJeM=
golang.org/x/mod v0.35.0/go.mod h1:+GwiRhIInF8wPm+4AoT6L0FA1QWAad3OMdTRx4tFYlU=
